
Microsoft Visual Studio Solution File, Format Version 11.00
# Visual Studio 2010
Project("{FAE04EC0-301F-11D3-BF4B-00C04F79EFBC}") = "reducely", "reducely\reducely.csproj", "{0BD3C358-4C14-4342-B768-E5588C4818D8}"
EndProject
Project("{FAE04EC0-301F-11D3-BF4B-00C04F79EFBC}") = "reducely.tests", "reducely.tests\reducely.tests.csproj", "{22C4AD2A-5F36-4E2D-8D16-6073CFA8F086}"
EndProject
Global
	GlobalSection(SolutionConfigurationPlatforms) = preSolution
		Debug|Any CPU = Debug|Any CPU
		Release|Any CPU = Release|Any CPU
	EndGlobalSection
	GlobalSection(ProjectConfigurationPlatforms) = postSolution
		{0BD3C358-4C14-4342-B768-E5588C4818D8}.Debug|Any CPU.ActiveCfg = Debug|Any CPU
		{0BD3C358-4C14-4342-B768-E5588C4818D8}.Debug|Any CPU.Build.0 = Debug|Any CPU
		{0BD3C358-4C14-4342-B768-E5588C4818D8}.Release|Any CPU.ActiveCfg = Release|Any CPU
		{0BD3C358-4C14-4342-B768-E5588C4818D8}.Release|Any CPU.Build.0 = Release|Any CPU
		{22C4AD2A-5F36-4E2D-8D16-6073CFA8F086}.Debug|Any CPU.ActiveCfg = Debug|Any CPU
		{22C4AD2A-5F36-4E2D-8D16-6073CFA8F086}.Debug|Any CPU.Build.0 = Debug|Any CPU
		{22C4AD2A-5F36-4E2D-8D16-6073CFA8F086}.Release|Any CPU.ActiveCfg = Release|Any CPU
		{22C4AD2A-5F36-4E2D-8D16-6073CFA8F086}.Release|Any CPU.Build.0 = Release|Any CPU
	EndGlobalSection
	GlobalSection(SolutionProperties) = preSolution
		HideSolutionNode = FALSE
	EndGlobalSection
EndGlobal
